// !$*UTF8*$!
{
	archiveVersion = 1;
	classes = {
	};
	objectVersion = 46;
	objects = {

/* Begin PBXBuildFile section */
		FF1829111B96FF6900D3CC8D /* libPushWizard.a in Frameworks */ = {isa = PBXBuildFile; fileRef = FF1829101B96FF6900D3CC8D /* libPushWizard.a */; };
		FF2598761B9588DA00A4A286 /* main.m in Sources */ = {isa = PBXBuildFile; fileRef = FF2598751B9588DA00A4A286 /* main.m */; };
		FF2598791B9588DA00A4A286 /* AppDelegate.m in Sources */ = {isa = PBXBuildFile; fileRef = FF2598781B9588DA00A4A286 /* AppDelegate.m */; };
		FF25987C1B9588DA00A4A286 /* KudlaRecipe.xcdatamodeld in Sources */ = {isa = PBXBuildFile; fileRef = FF25987A1B9588DA00A4A286 /* KudlaRecipe.xcdatamodeld */; };
		FF25987F1B9588DA00A4A286 /* ViewController.m in Sources */ = {isa = PBXBuildFile; fileRef = FF25987E1B9588DA00A4A286 /* ViewController.m */; };
		FF2598821B9588DA00A4A286 /* Main.storyboard in Resources */ = {isa = PBXBuildFile; fileRef = FF2598801B9588DA00A4A286 /* Main.storyboard */; };
		FF2598841B9588DA00A4A286 /* Images.xcassets in Resources */ = {isa = PBXBuildFile; fileRef = FF2598831B9588DA00A4A286 /* Images.xcassets */; };
		FF2598871B9588DA00A4A286 /* LaunchScreen.xib in Resources */ = {isa = PBXBuildFile; fileRef = FF2598851B9588DA00A4A286 /* LaunchScreen.xib */; };
		FF2598931B9588DA00A4A286 /* KudlaRecipeTests.m in Sources */ = {isa = PBXBuildFile; fileRef = FF2598921B9588DA00A4A286 /* KudlaRecipeTests.m */; };
		FF25989E1B958E2800A4A286 /* Recipes.plist in Resources */ = {isa = PBXBuildFile; fileRef = FF25989D1B958E2800A4A286 /* Recipes.plist */; };
		FF2598A81B95A7F800A4A286 /* DosaBg.png in Resources */ = {isa = PBXBuildFile; fileRef = FF2598A71B95A7F800A4A286 /* DosaBg.png */; };
		FF2598AF1B95B25700A4A286 /* DishesListViewController.m in Sources */ = {isa = PBXBuildFile; fileRef = FF2598AE1B95B25700A4A286 /* DishesListViewController.m */; };
		FF2598B21B95BAB500A4A286 /* RecipeViewController.m in Sources */ = {isa = PBXBuildFile; fileRef = FF2598B11B95BAB500A4A286 /* RecipeViewController.m */; };
		FFADDA2F1B96CC2700746571 /* TMLoadingScreen.m in Sources */ = {isa = PBXBuildFile; fileRef = FFADDA2A1B96CC2700746571 /* TMLoadingScreen.m */; };
		FFADDA301B96CC2700746571 /* TMLoadingView.m in Sources */ = {isa = PBXBuildFile; fileRef = FFADDA2C1B96CC2700746571 /* TMLoadingView.m */; };
		FFADDA311B96CC2700746571 /* TMSharedLoadingActivity.m in Sources */ = {isa = PBXBuildFile; fileRef = FFADDA2E1B96CC2700746571 /* TMSharedLoadingActivity.m */; };
		FFADDA351B96CC3C00746571 /* PopUpUtility.m in Sources */ = {isa = PBXBuildFile; fileRef = FFADDA341B96CC3C00746571 /* PopUpUtility.m */; };
		FFADDA391B96CD5D00746571 /* AboutAppViewController.m in Sources */ = {isa = PBXBuildFile; fileRef = FFADDA381B96CD5D00746571 /* AboutAppViewController.m */; };
		FFEDA02C1B99725E00875605 /* DosaBgiPad.png in Resources */ = {isa = PBXBuildFile; fileRef = FFEDA02B1B99725E00875605 /* DosaBgiPad.png */; };
/* End PBXBuildFile section */

/* Begin PBXContainerItemProxy section */
		FF25988D1B9588DA00A4A286 /* PBXContainerItemProxy */ = {
			isa = PBXContainerItemProxy;
			containerPortal = FF2598681B9588DA00A4A286 /* Project object */;
			proxyType = 1;
			remoteGlobalIDString = FF25986F1B9588DA00A4A286;
			remoteInfo = KudlaRecipe;
		};
/* End PBXContainerItemProxy section */

/* Begin PBXFileReference section */
		FF18290F1B96FF5F00D3CC8D /* PushWizard.h */ = {isa = PBXFileReference; fileEncoding = 4; lastKnownFileType = sourcecode.c.h; path = PushWizard.h; sourceTree = "<group>"; };
		FF1829101B96FF6900D3CC8D /* libPushWizard.a */ = {isa = PBXFileReference; lastKnownFileType = archive.ar; path = libPushWizard.a; sourceTree = "<group>"; };
		FF2598701B9588DA00A4A286 /* KudlaRecipe.app */ = {isa = PBXFileReference; explicitFileType = wrapper.application; includeInIndex = 0; path = KudlaRecipe.app; sourceTree = BUILT_PRODUCTS_DIR; };
		FF2598741B9588DA00A4A286 /* Info.plist */ = {isa = PBXFileReference; lastKnownFileType = text.plist.xml; path = Info.plist; sourceTree = "<group>"; };
		FF2598751B9588DA00A4A286 /* main.m */ = {isa = PBXFileReference; lastKnownFileType = sourcecode.c.objc; path = main.m; sourceTree = "<group>"; };
		FF2598771B9588DA00A4A286 /* AppDelegate.h */ = {isa = PBXFileReference; lastKnownFileType = sourcecode.c.h; path = AppDelegate.h; sourceTree = "<group>"; };
		FF2598781B9588DA00A4A286 /* AppDelegate.m */ = {isa = PBXFileReference; lastKnownFileType = sourcecode.c.objc; path = AppDelegate.m; sourceTree = "<group>"; };
		FF25987B1B9588DA00A4A286 /* KudlaRecipe.xcdatamodel */ = {isa = PBXFileReference; lastKnownFileType = wrapper.xcdatamodel; path = KudlaRecipe.xcdatamodel; sourceTree = "<group>"; };
		FF25987D1B9588DA00A4A286 /* ViewController.h */ = {isa = PBXFileReference; lastKnownFileType = sourcecode.c.h; path = ViewController.h; sourceTree = "<group>"; };
		FF25987E1B9588DA00A4A286 /* ViewController.m */ = {isa = PBXFileReference; lastKnownFileType = sourcecode.c.objc; path = ViewController.m; sourceTree = "<group>"; };
		FF2598811B9588DA00A4A286 /* Base */ = {isa = PBXFileReference; lastKnownFileType = file.storyboard; name = Base; path = Base.lproj/Main.storyboard; sourceTree = "<group>"; };
		FF2598831B9588DA00A4A286 /* Images.xcassets */ = {isa = PBXFileReference; lastKnownFileType = folder.assetcatalog; path = Images.xcassets; sourceTree = "<group>"; };
		FF2598861B9588DA00A4A286 /* Base */ = {isa = PBXFileReference; lastKnownFileType = file.xib; name = Base; path = Base.lproj/LaunchScreen.xib; sourceTree = "<group>"; };
		FF25988C1B9588DA00A4A286 /* KudlaRecipeTests.xctest */ = {isa = PBXFileReference; explicitFileType = wrapper.cfbundle; includeInIndex = 0; path = KudlaRecipeTests.xctest; sourceTree = BUILT_PRODUCTS_DIR; };
		FF2598911B9588DA00A4A286 /* Info.plist */ = {isa = PBXFileReference; lastKnownFileType = text.plist.xml; path = Info.plist; sourceTree = "<group>"; };
		FF2598921B9588DA00A4A286 /* KudlaRecipeTests.m */ = {isa = PBXFileReference; lastKnownFileType = sourcecode.c.objc; path = KudlaRecipeTests.m; sourceTree = "<group>"; };
		FF25989D1B958E2800A4A286 /* Recipes.plist */ = {isa = PBXFileReference; fileEncoding = 4; lastKnownFileType = text.plist.xml; path = Recipes.plist; sourceTree = "<group>"; };
		FF2598A71B95A7F800A4A286 /* DosaBg.png */ = {isa = PBXFileReference; lastKnownFileType = image.png; path = DosaBg.png; sourceTree = "<group>"; };
		FF2598AD1B95B25700A4A286 /* DishesListViewController.h */ = {isa = PBXFileReference; fileEncoding = 4; lastKnownFileType = sourcecode.c.h; path = DishesListViewController.h; sourceTree = "<group>"; };
		FF2598AE1B95B25700A4A286 /* DishesListViewController.m */ = {isa = PBXFileReference; fileEncoding = 4; lastKnownFileType = sourcecode.c.objc; path = DishesListViewController.m; sourceTree = "<group>"; };
		FF2598B01B95BAB500A4A286 /* RecipeViewController.h */ = {isa = PBXFileReference; fileEncoding = 4; lastKnownFileType = sourcecode.c.h; path = RecipeViewController.h; sourceTree = "<group>"; };
		FF2598B11B95BAB500A4A286 /* RecipeViewController.m */ = {isa = PBXFileReference; fileEncoding = 4; lastKnownFileType = sourcecode.c.objc; path = RecipeViewController.m; sourceTree = "<group>"; };
		FFADDA291B96CC2700746571 /* TMLoadingScreen.h */ = {isa = PBXFileReference; fileEncoding = 4; lastKnownFileType = sourcecode.c.h; path = TMLoadingScreen.h; sourceTree = "<group>"; };
		FFADDA2A1B96CC2700746571 /* TMLoadingScreen.m */ = {isa = PBXFileReference; fileEncoding = 4; lastKnownFileType = sourcecode.c.objc; path = TMLoadingScreen.m; sourceTree = "<group>"; };
		FFADDA2B1B96CC2700746571 /* TMLoadingView.h */ = {isa = PBXFileReference; fileEncoding = 4; lastKnownFileType = sourcecode.c.h; path = TMLoadingView.h; sourceTree = "<group>"; };
		FFADDA2C1B96CC2700746571 /* TMLoadingView.m */ = {isa = PBXFileReference; fileEncoding = 4; lastKnownFileType = sourcecode.c.objc; path = TMLoadingView.m; sourceTree = "<group>"; };
		FFADDA2D1B96CC2700746571 /* TMSharedLoadingActivity.h */ = {isa = PBXFileReference; fileEncoding = 4; lastKnownFileType = sourcecode.c.h; path = TMSharedLoadingActivity.h; sourceTree = "<group>"; };
		FFADDA2E1B96CC2700746571 /* TMSharedLoadingActivity.m */ = {isa = PBXFileReference; fileEncoding = 4; lastKnownFileType = sourcecode.c.objc; path = TMSharedLoadingActivity.m; sourceTree = "<group>"; };
		FFADDA331B96CC3C00746571 /* PopUpUtility.h */ = {isa = PBXFileReference; fileEncoding = 4; lastKnownFileType = sourcecode.c.h; path = PopUpUtility.h; sourceTree = "<group>"; };
		FFADDA341B96CC3C00746571 /* PopUpUtility.m */ = {isa = PBXFileReference; fileEncoding = 4; lastKnownFileType = sourcecode.c.objc; path = PopUpUtility.m; sourceTree = "<group>"; };
		FFADDA371B96CD5D00746571 /* AboutAppViewController.h */ = {isa = PBXFileReference; fileEncoding = 4; lastKnownFileType = sourcecode.c.h; path = AboutAppViewController.h; sourceTree = "<group>"; };
		FFADDA381B96CD5D00746571 /* AboutAppViewController.m */ = {isa = PBXFileReference; fileEncoding = 4; lastKnownFileType = sourcecode.c.objc; path = AboutAppViewController.m; sourceTree = "<group>"; };
		FFEDA02B1B99725E00875605 /* DosaBgiPad.png */ = {isa = PBXFileReference; lastKnownFileType = image.png; path = DosaBgiPad.png; sourceTree = "<group>"; };
		FFEDA0301B99731100875605 /* TMConstants.h */ = {isa = PBXFileReference; fileEncoding = 4; lastKnownFileType = sourcecode.c.h; path = TMConstants.h; sourceTree = "<group>"; };
/* End PBXFileReference section */

/* Begin PBXFrameworksBuildPhase section */
		FF25986D1B9588DA00A4A286 /* Frameworks */ = {
			isa = PBXFrameworksBuildPhase;
			buildActionMask = 2147483647;
			files = (
				FF1829111B96FF6900D3CC8D /* libPushWizard.a in Frameworks */,
			);
			runOnlyForDeploymentPostprocessing = 0;
		};
		FF2598891B9588DA00A4A286 /* Frameworks */ = {
			isa = PBXFrameworksBuildPhase;
			buildActionMask = 2147483647;
			files = (
			);
			runOnlyForDeploymentPostprocessing = 0;
		};
/* End PBXFrameworksBuildPhase section */

/* Begin PBXGroup section */
		FF2598671B9588DA00A4A286 = {
			isa = PBXGroup;
			children = (
				FF2598721B9588DA00A4A286 /* KudlaRecipe */,
				FF25988F1B9588DA00A4A286 /* KudlaRecipeTests */,
				FF2598711B9588DA00A4A286 /* Products */,
			);
			sourceTree = "<group>";
		};
		FF2598711B9588DA00A4A286 /* Products */ = {
			isa = PBXGroup;
			children = (
				FF2598701B9588DA00A4A286 /* KudlaRecipe.app */,
				FF25988C1B9588DA00A4A286 /* KudlaRecipeTests.xctest */,
			);
			name = Products;
			sourceTree = "<group>";
		};
		FF2598721B9588DA00A4A286 /* KudlaRecipe */ = {
			isa = PBXGroup;
			children = (
				FF2598AC1B95B25700A4A286 /* Classes */,
				FF25989C1B958E1000A4A286 /* Resources */,
				FF2598771B9588DA00A4A286 /* AppDelegate.h */,
				FF2598781B9588DA00A4A286 /* AppDelegate.m */,
				FF25987D1B9588DA00A4A286 /* ViewController.h */,
				FF25987E1B9588DA00A4A286 /* ViewController.m */,
				FF2598801B9588DA00A4A286 /* Main.storyboard */,
				FF2598831B9588DA00A4A286 /* Images.xcassets */,
				FF2598851B9588DA00A4A286 /* LaunchScreen.xib */,
				FF25987A1B9588DA00A4A286 /* KudlaRecipe.xcdatamodeld */,
				FF2598731B9588DA00A4A286 /* Supporting Files */,
			);
			path = KudlaRecipe;
			sourceTree = "<group>";
		};
		FF2598731B9588DA00A4A286 /* Supporting Files */ = {
			isa = PBXGroup;
			children = (
				FF1829101B96FF6900D3CC8D /* libPushWizard.a */,
				FF18290F1B96FF5F00D3CC8D /* PushWizard.h */,
				FF2598741B9588DA00A4A286 /* Info.plist */,
				FF2598751B9588DA00A4A286 /* main.m */,
			);
			name = "Supporting Files";
			sourceTree = "<group>";
		};
		FF25988F1B9588DA00A4A286 /* KudlaRecipeTests */ = {
			isa = PBXGroup;
			children = (
				FF2598921B9588DA00A4A286 /* KudlaRecipeTests.m */,
				FF2598901B9588DA00A4A286 /* Supporting Files */,
			);
			path = KudlaRecipeTests;
			sourceTree = "<group>";
		};
		FF2598901B9588DA00A4A286 /* Supporting Files */ = {
			isa = PBXGroup;
			children = (
				FF2598911B9588DA00A4A286 /* Info.plist */,
			);
			name = "Supporting Files";
			sourceTree = "<group>";
		};
		FF25989C1B958E1000A4A286 /* Resources */ = {
			isa = PBXGroup;
			children = (
				FFEDA02B1B99725E00875605 /* DosaBgiPad.png */,
				FF2598A71B95A7F800A4A286 /* DosaBg.png */,
				FF25989D1B958E2800A4A286 /* Recipes.plist */,
			);
			path = Resources;
			sourceTree = "<group>";
		};
		FF2598AC1B95B25700A4A286 /* Classes */ = {
			isa = PBXGroup;
			children = (
				FFEDA02F1B9972F900875605 /* Constants */,
				FFADDA321B96CC3C00746571 /* Pop Up */,
				FFADDA281B96CC2700746571 /* LoadingView */,
				FF2598AD1B95B25700A4A286 /* DishesListViewController.h */,
				FF2598AE1B95B25700A4A286 /* DishesListViewController.m */,
				FF2598B01B95BAB500A4A286 /* RecipeViewController.h */,
				FF2598B11B95BAB500A4A286 /* RecipeViewController.m */,
				FFADDA371B96CD5D00746571 /* AboutAppViewController.h */,
				FFADDA381B96CD5D00746571 /* AboutAppViewController.m */,
			);
			path = Classes;
			sourceTree = "<group>";
		};
		FFADDA281B96CC2700746571 /* LoadingView */ = {
			isa = PBXGroup;
			children = (
				FFADDA291B96CC2700746571 /* TMLoadingScreen.h */,
				FFADDA2A1B96CC2700746571 /* TMLoadingScreen.m */,
				FFADDA2B1B96CC2700746571 /* TMLoadingView.h */,
				FFADDA2C1B96CC2700746571 /* TMLoadingView.m */,
				FFADDA2D1B96CC2700746571 /* TMSharedLoadingActivity.h */,
				FFADDA2E1B96CC2700746571 /* TMSharedLoadingActivity.m */,
			);
			path = LoadingView;
			sourceTree = "<group>";
		};
		FFADDA321B96CC3C00746571 /* Pop Up */ = {
			isa = PBXGroup;
			children = (
				FFADDA331B96CC3C00746571 /* PopUpUtility.h */,
				FFADDA341B96CC3C00746571 /* PopUpUtility.m */,
			);
			path = "Pop Up";
			sourceTree = "<group>";
		};
		FFEDA02F1B9972F900875605 /* Constants */ = {
			isa = PBXGroup;
			children = (
				FFEDA0301B99731100875605 /* TMConstants.h */,
			);
			path = Constants;
			sourceTree = "<group>";
		};
/* End PBXGroup section */

/* Begin PBXNativeTarget section */
		FF25986F1B9588DA00A4A286 /* KudlaRecipe */ = {
			isa = PBXNativeTarget;
			buildConfigurationList = FF2598961B9588DA00A4A286 /* Build configuration list for PBXNativeTarget "KudlaRecipe" */;
			buildPhases = (
				FF25986C1B9588DA00A4A286 /* Sources */,
				FF25986D1B9588DA00A4A286 /* Frameworks */,
				FF25986E1B9588DA00A4A286 /* Resources */,
			);
			buildRules = (
			);
			dependencies = (
			);
			name = KudlaRecipe;
			productName = KudlaRecipe;
			productReference = FF2598701B9588DA00A4A286 /* KudlaRecipe.app */;
			productType = "com.apple.product-type.application";
		};
		FF25988B1B9588DA00A4A286 /* KudlaRecipeTests */ = {
			isa = PBXNativeTarget;
			buildConfigurationList = FF2598991B9588DA00A4A286 /* Build configuration list for PBXNativeTarget "KudlaRecipeTests" */;
			buildPhases = (
				FF2598881B9588DA00A4A286 /* Sources */,
				FF2598891B9588DA00A4A286 /* Frameworks */,
				FF25988A1B9588DA00A4A286 /* Resources */,
			);
			buildRules = (
			);
			dependencies = (
				FF25988E1B9588DA00A4A286 /* PBXTargetDependency */,
			);
			name = KudlaRecipeTests;
			productName = KudlaRecipeTests;
			productReference = FF25988C1B9588DA00A4A286 /* KudlaRecipeTests.xctest */;
			productType = "com.apple.product-type.bundle.unit-test";
		};
/* End PBXNativeTarget section */

/* Begin PBXProject section */
		FF2598681B9588DA00A4A286 /* Project object */ = {
			isa = PBXProject;
			attributes = {
				LastUpgradeCheck = 0630;
				ORGANIZATIONNAME = PADStudios;
				TargetAttributes = {
					FF25986F1B9588DA00A4A286 = {
						CreatedOnToolsVersion = 6.3;
					};
					FF25988B1B9588DA00A4A286 = {
						CreatedOnToolsVersion = 6.3;
						TestTargetID = FF25986F1B9588DA00A4A286;
					};
				};
			};
			buildConfigurationList = FF25986B1B9588DA00A4A286 /* Build configuration list for PBXProject "KudlaRecipe" */;
			compatibilityVersion = "Xcode 3.2";
			developmentRegion = English;
			hasScannedForEncodings = 0;
			knownRegions = (
				en,
				Base,
			);
			mainGroup = FF2598671B9588DA00A4A286;
			productRefGroup = FF2598711B9588DA00A4A286 /* Products */;
			projectDirPath = "";
			projectRoot = "";
			targets = (
				FF25986F1B9588DA00A4A286 /* KudlaRecipe */,
				FF25988B1B9588DA00A4A286 /* KudlaRecipeTests */,
			);
		};
/* End PBXProject section */

/* Begin PBXResourcesBuildPhase section */
		FF25986E1B9588DA00A4A286 /* Resources */ = {
			isa = PBXResourcesBuildPhase;
			buildActionMask = 2147483647;
			files = (
				FF2598821B9588DA00A4A286 /* Main.storyboard in Resources */,
				FFEDA02C1B99725E00875605 /* DosaBgiPad.png in Resources */,
				FF2598871B9588DA00A4A286 /* LaunchScreen.xib in Resources */,
				FF2598A81B95A7F800A4A286 /* DosaBg.png in Resources */,
				FF25989E1B958E2800A4A286 /* Recipes.plist in Resources */,
				FF2598841B9588DA00A4A286 /* Images.xcassets in Resources */,
			);
			runOnlyForDeploymentPostprocessing = 0;
		};
		FF25988A1B9588DA00A4A286 /* Resources */ = {
			isa = PBXResourcesBuildPhase;
			buildActionMask = 2147483647;
			files = (
			);
			runOnlyForDeploymentPostprocessing = 0;
		};
/* End PBXResourcesBuildPhase section */

/* Begin PBXSourcesBuildPhase section */
		FF25986C1B9588DA00A4A286 /* Sources */ = {
			isa = PBXSourcesBuildPhase;
			buildActionMask = 2147483647;
			files = (
				FF2598791B9588DA00A4A286 /* AppDelegate.m in Sources */,
				FFADDA391B96CD5D00746571 /* AboutAppViewController.m in Sources */,
				FF2598761B9588DA00A4A286 /* main.m in Sources */,
				FF2598B21B95BAB500A4A286 /* RecipeViewController.m in Sources */,
				FF2598AF1B95B25700A4A286 /* DishesListViewController.m in Sources */,
				FFADDA301B96CC2700746571 /* TMLoadingView.m in Sources */,
				FFADDA351B96CC3C00746571 /* PopUpUtility.m in Sources */,
				FF25987F1B9588DA00A4A286 /* ViewController.m in Sources */,
				FFADDA311B96CC2700746571 /* TMSharedLoadingActivity.m in Sources */,
				FF25987C1B9588DA00A4A286 /* KudlaRecipe.xcdatamodeld in Sources */,
				FFADDA2F1B96CC2700746571 /* TMLoadingScreen.m in Sources */,
			);
			runOnlyForDeploymentPostprocessing = 0;
		};
		FF2598881B9588DA00A4A286 /* Sources */ = {
			isa = PBXSourcesBuildPhase;
			buildActionMask = 2147483647;
			files = (
				FF2598931B9588DA00A4A286 /* KudlaRecipeTests.m in Sources */,
			);
			runOnlyForDeploymentPostprocessing = 0;
		};
/* End PBXSourcesBuildPhase section */

/* Begin PBXTargetDependency section */
		FF25988E1B9588DA00A4A286 /* PBXTargetDependency */ = {
			isa = PBXTargetDependency;
			target = FF25986F1B9588DA00A4A286 /* KudlaRecipe */;
			targetProxy = FF25988D1B9588DA00A4A286 /* PBXContainerItemProxy */;
		};
/* End PBXTargetDependency section */

/* Begin PBXVariantGroup section */
		FF2598801B9588DA00A4A286 /* Main.storyboard */ = {
			isa = PBXVariantGroup;
			children = (
				FF2598811B9588DA00A4A286 /* Base */,
			);
			name = Main.storyboard;
			sourceTree = "<group>";
		};
		FF2598851B9588DA00A4A286 /* LaunchScreen.xib */ = {
			isa = PBXVariantGroup;
			children = (
				FF2598861B9588DA00A4A286 /* Base */,
			);
			name = LaunchScreen.xib;
			sourceTree = "<group>";
		};
/* End PBXVariantGroup section */

/* Begin XCBuildConfiguration section */
		FF2598941B9588DA00A4A286 /* Debug */ = {
			isa = XCBuildConfiguration;
			buildSettings = {
				ALWAYS_SEARCH_USER_PATHS = NO;
				CLANG_CXX_LANGUAGE_STANDARD = "gnu++0x";
				CLANG_CXX_LIBRARY = "libc++";
				CLANG_ENABLE_MODULES = YES;
				CLANG_ENABLE_OBJC_ARC = YES;
				CLANG_WARN_BOOL_CONVERSION = YES;
				CLANG_WARN_CONSTANT_CONVERSION = YES;
				CLANG_WARN_DIRECT_OBJC_ISA_USAGE = YES_ERROR;
				CLANG_WARN_EMPTY_BODY = YES;
				CLANG_WARN_ENUM_CONVERSION = YES;
				CLANG_WARN_INT_CONVERSION = YES;
				CLANG_WARN_OBJC_ROOT_CLASS = YES_ERROR;
				CLANG_WARN_UNREACHABLE_CODE = YES;
				CLANG_WARN__DUPLICATE_METHOD_MATCH = YES;
				"CODE_SIGN_IDENTITY[sdk=iphoneos*]" = "iPhone Developer";
				COPY_PHASE_STRIP = NO;
				DEBUG_INFORMATION_FORMAT = "dwarf-with-dsym";
				ENABLE_STRICT_OBJC_MSGSEND = YES;
				GCC_C_LANGUAGE_STANDARD = gnu99;
				GCC_DYNAMIC_NO_PIC = NO;
				GCC_NO_COMMON_BLOCKS = YES;
				GCC_OPTIMIZATION_LEVEL = 0;
				GCC_PREPROCESSOR_DEFINITIONS = (
					"DEBUG=1",
					"$(inherited)",
				);
				GCC_SYMBOLS_PRIVATE_EXTERN = NO;
				GCC_WARN_64_TO_32_BIT_CONVERSION = YES;
				GCC_WARN_ABOUT_RETURN_TYPE = YES_ERROR;
				GCC_WARN_UNDECLARED_SELECTOR = YES;
				GCC_WARN_UNINITIALIZED_AUTOS = YES_AGGRESSIVE;
				GCC_WARN_UNUSED_FUNCTION = YES;
				GCC_WARN_UNUSED_VARIABLE = YES;
				IPHONEOS_DEPLOYMENT_TARGET = 8.3;
				MTL_ENABLE_DEBUG_INFO = YES;
				ONLY_ACTIVE_ARCH = YES;
				SDKROOT = iphoneos;
			};
			name = Debug;
		};
		FF2598951B9588DA00A4A286 /* Release */ = {
			isa = XCBuildConfiguration;
			buildSettings = {
				ALWAYS_SEARCH_USER_PATHS = NO;
				CLANG_CXX_LANGUAGE_STANDARD = "gnu++0x";
				CLANG_CXX_LIBRARY = "libc++";
				CLANG_ENABLE_MODULES = YES;
				CLANG_ENABLE_OBJC_ARC = YES;
				CLANG_WARN_BOOL_CONVERSION = YES;
				CLANG_WARN_CONSTANT_CONVERSION = YES;
				CLANG_WARN_DIRECT_OBJC_ISA_USAGE = YES_ERROR;
				CLANG_WARN_EMPTY_BODY = YES;
				CLANG_WARN_ENUM_CONVERSION = YES;
				CLANG_WARN_INT_CONVERSION = YES;
				CLANG_WARN_OBJC_ROOT_CLASS = YES_ERROR;
				CLANG_WARN_UNREACHABLE_CODE = YES;
				CLANG_WARN__DUPLICATE_METHOD_MATCH = YES;
				"CODE_SIGN_IDENTITY[sdk=iphoneos*]" = "iPhone Developer";
				COPY_PHASE_STRIP = NO;
				DEBUG_INFORMATION_FORMAT = "dwarf-with-dsym";
				ENABLE_NS_ASSERTIONS = NO;
				ENABLE_STRICT_OBJC_MSGSEND = YES;
				GCC_C_LANGUAGE_STANDARD = gnu99;
				GCC_NO_COMMON_BLOCKS = YES;
				GCC_WARN_64_TO_32_BIT_CONVERSION = YES;
				GCC_WARN_ABOUT_RETURN_TYPE = YES_ERROR;
				GCC_WARN_UNDECLARED_SELECTOR = YES;
				GCC_WARN_UNINITIALIZED_AUTOS = YES_AGGRESSIVE;
				GCC_WARN_UNUSED_FUNCTION = YES;
				GCC_WARN_UNUSED_VARIABLE = YES;
				IPHONEOS_DEPLOYMENT_TARGET = 8.3;
				MTL_ENABLE_DEBUG_INFO = NO;
				SDKROOT = iphoneos;
				VALIDATE_PRODUCT = YES;
			};
			name = Release;
		};
		FF2598971B9588DA00A4A286 /* Debug */ = {
			isa = XCBuildConfiguration;
			buildSettings = {
				ASSETCATALOG_COMPILER_APPICON_NAME = AppIcon;
				CODE_SIGN_IDENTITY = "iPhone Distribution: Endeavour Software Technologies Private Limited";
				INFOPLIST_FILE = KudlaRecipe/Info.plist;
				LD_RUNPATH_SEARCH_PATHS = "$(inherited) @executable_path/Frameworks";
				LIBRARY_SEARCH_PATHS = (
					"$(inherited)",
					"$(PROJECT_DIR)/KudlaRecipe",
				);
				PRODUCT_NAME = "$(TARGET_NAME)";
				PROVISIONING_PROFILE = "5f7fddf6-dc2f-4cd0-80cc-4dc6267efafc";
				TARGETED_DEVICE_FAMILY = "1,2";
			};
			name = Debug;
		};
		FF2598981B9588DA00A4A286 /* Release */ = {
			isa = XCBuildConfiguration;
			buildSettings = {
				ASSETCATALOG_COMPILER_APPICON_NAME = AppIcon;
				CODE_SIGN_IDENTITY = "iPhone Distribution: Endeavour Software Technologies Private Limited";
				"CODE_SIGN_IDENTITY[sdk=iphoneos*]" = "iPhone Distribution: Endeavour Software Technologies Private Limited";
				INFOPLIST_FILE = KudlaRecipe/Info.plist;
				LD_RUNPATH_SEARCH_PATHS = "$(inherited) @executable_path/Frameworks";
				LIBRARY_SEARCH_PATHS = (
					"$(inherited)",
					"$(PROJECT_DIR)/KudlaRecipe",
				);
				PRODUCT_NAME = "$(TARGET_NAME)";
				PROVISIONING_PROFILE = "5f7fddf6-dc2f-4cd0-80cc-4dc6267efafc";
				TARGETED_DEVICE_FAMILY = "1,2";
			};
			name = Release;
		};
		FF25989A1B9588DA00A4A286 /* Debug */ = {
			isa = XCBuildConfiguration;
			buildSettings = {
				BUNDLE_LOADER = "$(TEST_HOST)";
				FRAMEWORK_SEARCH_PATHS = (
					"$(SDKROOT)/Developer/Library/Frameworks",
					"$(inherited)",
				);
				GCC_PREPROCESSOR_DEFINITIONS = (
					"DEBUG=1",
					"$(inherited)",
				);
				INFOPLIST_FILE = KudlaRecipeTests/Info.plist;
				LD_RUNPATH_SEARCH_PATHS = "$(inherited) @executable_path/Frameworks @loader_path/Frameworks";
				PRODUCT_NAME = "$(TARGET_NAME)";
				TEST_HOST = "$(BUILT_PRODUCTS_DIR)/KudlaRecipe.app/KudlaRecipe";
			};
			name = Debug;
		};
		FF25989B1B9588DA00A4A286 /* Release */ = {
			isa = XCBuildConfiguration;
			buildSettings = {
				BUNDLE_LOADER = "$(TEST_HOST)";
				FRAMEWORK_SEARCH_PATHS = (
					"$(SDKROOT)/Developer/Library/Frameworks",
					"$(inherited)",
				);
				INFOPLIST_FILE = KudlaRecipeTests/Info.plist;
				LD_RUNPATH_SEARCH_PATHS = "$(inherited) @executable_path/Frameworks @loader_path/Frameworks";
				PRODUCT_NAME = "$(TARGET_NAME)";
				TEST_HOST = "$(BUILT_PRODUCTS_DIR)/KudlaRecipe.app/KudlaRecipe";
			};
			name = Release;
		};
/* End XCBuildConfiguration section */

/* Begin XCConfigurationList section */
		FF25986B1B9588DA00A4A286 /* Build configuration list for PBXProject "KudlaRecipe" */ = {
			isa = XCConfigurationList;
			buildConfigurations = (
				FF2598941B9588DA00A4A286 /* Debug */,
				FF2598951B9588DA00A4A286 /* Release */,
			);
			defaultConfigurationIsVisible = 0;
			defaultConfigurationName = Release;
		};
		FF2598961B9588DA00A4A286 /* Build configuration list for PBXNativeTarget "KudlaRecipe" */ = {
			isa = XCConfigurationList;
			buildConfigurations = (
				FF2598971B9588DA00A4A286 /* Debug */,
				FF2598981B9588DA00A4A286 /* Release */,
			);
			defaultConfigurationIsVisible = 0;
			defaultConfigurationName = Release;
		};
		FF2598991B9588DA00A4A286 /* Build configuration list for PBXNativeTarget "KudlaRecipeTests" */ = {
			isa = XCConfigurationList;
			buildConfigurations = (
				FF25989A1B9588DA00A4A286 /* Debug */,
				FF25989B1B9588DA00A4A286 /* Release */,
			);
			defaultConfigurationIsVisible = 0;
			defaultConfigurationName = Release;
		};
/* End XCConfigurationList section */

/* Begin XCVersionGroup section */
		FF25987A1B9588DA00A4A286 /* KudlaRecipe.xcdatamodeld */ = {
			isa = XCVersionGroup;
			children = (
				FF25987B1B9588DA00A4A286 /* KudlaRecipe.xcdatamodel */,
			);
			currentVersion = FF25987B1B9588DA00A4A286 /* KudlaRecipe.xcdatamodel */;
			path = KudlaRecipe.xcdatamodeld;
			sourceTree = "<group>";
			versionGroupType = wrapper.xcdatamodel;
		};
/* End XCVersionGroup section */
	};
	rootObject = FF2598681B9588DA00A4A286 /* Project object */;
}
